
Microsoft Visual Studio Solution File, Format Version 12.00
# Visual Studio Version 17
VisualStudioVersion = 17.0.31903.59
MinimumVisualStudioVersion = 10.0.40219.1
Project("{2150E333-8FDC-42A3-9474-1A3956D46DE8}") = "csnakes-tutorial-1", "csnakes-tutorial-1", "{8D0990A4-6429-141B-DD1E-6B1E014C2348}"
EndProject
Project("{FAE04EC0-301F-11D3-BF4B-00C04F79EFBC}") = "CSnakesTutorial_1", "csnakes-tutorial-1\CSnakesTutorial_1.csproj", "{324F8B0E-4BD7-4752-A2AA-F05C1D99F026}"
EndProject
Global
	GlobalSection(SolutionConfigurationPlatforms) = preSolution
		Debug|Any CPU = Debug|Any CPU
		Debug|x64 = Debug|x64
		Debug|x86 = Debug|x86
		Release|Any CPU = Release|Any CPU
		Release|x64 = Release|x64
		Release|x86 = Release|x86
	EndGlobalSection
	GlobalSection(ProjectConfigurationPlatforms) = postSolution
		{324F8B0E-4BD7-4752-A2AA-F05C1D99F026}.Debug|Any CPU.ActiveCfg = Debug|Any CPU
		{324F8B0E-4BD7-4752-A2AA-F05C1D99F026}.Debug|Any CPU.Build.0 = Debug|Any CPU
		{324F8B0E-4BD7-4752-A2AA-F05C1D99F026}.Debug|x64.ActiveCfg = Debug|Any CPU
		{324F8B0E-4BD7-4752-A2AA-F05C1D99F026}.Debug|x64.Build.0 = Debug|Any CPU
		{324F8B0E-4BD7-4752-A2AA-F05C1D99F026}.Debug|x86.ActiveCfg = Debug|Any CPU
		{324F8B0E-4BD7-4752-A2AA-F05C1D99F026}.Debug|x86.Build.0 = Debug|Any CPU
		{324F8B0E-4BD7-4752-A2AA-F05C1D99F026}.Release|Any CPU.ActiveCfg = Release|Any CPU
		{324F8B0E-4BD7-4752-A2AA-F05C1D99F026}.Release|Any CPU.Build.0 = Release|Any CPU
		{324F8B0E-4BD7-4752-A2AA-F05C1D99F026}.Release|x64.ActiveCfg = Release|Any CPU
		{324F8B0E-4BD7-4752-A2AA-F05C1D99F026}.Release|x64.Build.0 = Release|Any CPU
		{324F8B0E-4BD7-4752-A2AA-F05C1D99F026}.Release|x86.ActiveCfg = Release|Any CPU
		{324F8B0E-4BD7-4752-A2AA-F05C1D99F026}.Release|x86.Build.0 = Release|Any CPU
	EndGlobalSection
	GlobalSection(SolutionProperties) = preSolution
		HideSolutionNode = FALSE
	EndGlobalSection
	GlobalSection(NestedProjects) = preSolution
		{324F8B0E-4BD7-4752-A2AA-F05C1D99F026} = {8D0990A4-6429-141B-DD1E-6B1E014C2348}
	EndGlobalSection
EndGlobal
